
Microsoft Visual Studio Solution File, Format Version 12.00
# Visual Studio Version 16
VisualStudioVersion = 16.0.29318.209
MinimumVisualStudioVersion = 10.0.40219.1
Project("{FAE04EC0-301F-11D3-BF4B-00C04F79EFBC}") = "EmpMgmt", "EmpMgmt\EmpMgmt.csproj", "{596F2C42-BC3C-4483-8FFD-32F4B2D28EC9}"
EndProject
Global
	GlobalSection(SolutionConfigurationPlatforms) = preSolution
		Debug|Any CPU = Debug|Any CPU
		Release|Any CPU = Release|Any CPU
	EndGlobalSection
	GlobalSection(ProjectConfigurationPlatforms) = postSolution
		{596F2C42-BC3C-4483-8FFD-32F4B2D28EC9}.Debug|Any CPU.ActiveCfg = Debug|Any CPU
		{596F2C42-BC3C-4483-8FFD-32F4B2D28EC9}.Debug|Any CPU.Build.0 = Debug|Any CPU
		{596F2C42-BC3C-4483-8FFD-32F4B2D28EC9}.Release|Any CPU.ActiveCfg = Release|Any CPU
		{596F2C42-BC3C-4483-8FFD-32F4B2D28EC9}.Release|Any CPU.Build.0 = Release|Any CPU
	EndGlobalSection
	GlobalSection(SolutionProperties) = preSolution
		HideSolutionNode = FALSE
	EndGlobalSection
	GlobalSection(ExtensibilityGlobals) = postSolution
		SolutionGuid = {028ADD30-08BB-4AF1-97DF-2F05451E7F28}
	EndGlobalSection
EndGlobal
